
Microsoft Visual Studio Solution File, Format Version 12.00
# Visual Studio Version 17
VisualStudioVersion = 17.6.33723.286
MinimumVisualStudioVersion = 10.0.40219.1
Project("{FAE04EC0-301F-11D3-BF4B-00C04F79EFBC}") = "RainLispConsole", "RainLispConsole\RainLispConsole.csproj", "{86E88891-2714-4A8E-B38F-9A6DAA896592}"
EndProject
Global
	GlobalSection(SolutionConfigurationPlatforms) = preSolution
		Debug|Any CPU = Debug|Any CPU
		Release|Any CPU = Release|Any CPU
	EndGlobalSection
	GlobalSection(ProjectConfigurationPlatforms) = postSolution
		{86E88891-2714-4A8E-B38F-9A6DAA896592}.Debug|Any CPU.ActiveCfg = Debug|Any CPU
		{86E88891-2714-4A8E-B38F-9A6DAA896592}.Debug|Any CPU.Build.0 = Debug|Any CPU
		{86E88891-2714-4A8E-B38F-9A6DAA896592}.Release|Any CPU.ActiveCfg = Release|Any CPU
		{86E88891-2714-4A8E-B38F-9A6DAA896592}.Release|Any CPU.Build.0 = Release|Any CPU
	EndGlobalSection
	GlobalSection(SolutionProperties) = preSolution
		HideSolutionNode = FALSE
	EndGlobalSection
	GlobalSection(ExtensibilityGlobals) = postSolution
		SolutionGuid = {1135E7CB-D56C-4043-A944-3E4C4066A8D8}
	EndGlobalSection
EndGlobal
